
Microsoft Visual Studio Solution File, Format Version 12.00
# Visual Studio Version 16
VisualStudioVersion = 25.0.1705.1
MinimumVisualStudioVersion = 10.0.40219.1
Project("{FAE04EC0-301F-11D3-BF4B-00C04F79EFBC}") = "StrapiSharp", "StrapiSharp\StrapiSharp.csproj", "{35D8F9F8-C064-406E-BB05-A5F24A8CCDD8}"
EndProject
Global
	GlobalSection(SolutionConfigurationPlatforms) = preSolution
		Debug|Any CPU = Debug|Any CPU
		Release|Any CPU = Release|Any CPU
	EndGlobalSection
	GlobalSection(ProjectConfigurationPlatforms) = postSolution
		{35D8F9F8-C064-406E-BB05-A5F24A8CCDD8}.Debug|Any CPU.ActiveCfg = Debug|Any CPU
		{35D8F9F8-C064-406E-BB05-A5F24A8CCDD8}.Debug|Any CPU.Build.0 = Debug|Any CPU
		{35D8F9F8-C064-406E-BB05-A5F24A8CCDD8}.Release|Any CPU.ActiveCfg = Release|Any CPU
		{35D8F9F8-C064-406E-BB05-A5F24A8CCDD8}.Release|Any CPU.Build.0 = Release|Any CPU
	EndGlobalSection
	GlobalSection(SolutionProperties) = preSolution
		HideSolutionNode = FALSE
	EndGlobalSection
	GlobalSection(ExtensibilityGlobals) = postSolution
		SolutionGuid = {85FB0670-655B-4DB0-9D47-2672D166BF36}
	EndGlobalSection
EndGlobal
